
Microsoft Visual Studio Solution File, Format Version 12.00
# Visual Studio Version 17
VisualStudioVersion = 17.4.33122.133
MinimumVisualStudioVersion = 10.0.40219.1
Project("{9A19103F-16F7-4668-BE54-9A1E7A4F7556}") = "AspNetMvcBlog", "AspNetMvcBlog\AspNetMvcBlog.csproj", "{53D69B5A-0F06-4B29-9577-6A9D4D81F946}"
EndProject
Global
	GlobalSection(SolutionConfigurationPlatforms) = preSolution
		Debug|Any CPU = Debug|Any CPU
		Release|Any CPU = Release|Any CPU
	EndGlobalSection
	GlobalSection(ProjectConfigurationPlatforms) = postSolution
		{53D69B5A-0F06-4B29-9577-6A9D4D81F946}.Debug|Any CPU.ActiveCfg = Debug|Any CPU
		{53D69B5A-0F06-4B29-9577-6A9D4D81F946}.Debug|Any CPU.Build.0 = Debug|Any CPU
		{53D69B5A-0F06-4B29-9577-6A9D4D81F946}.Release|Any CPU.ActiveCfg = Release|Any CPU
		{53D69B5A-0F06-4B29-9577-6A9D4D81F946}.Release|Any CPU.Build.0 = Release|Any CPU
	EndGlobalSection
	GlobalSection(SolutionProperties) = preSolution
		HideSolutionNode = FALSE
	EndGlobalSection
	GlobalSection(ExtensibilityGlobals) = postSolution
		SolutionGuid = {3C0061C3-895F-4295-892B-58F413D1C2AC}
	EndGlobalSection
EndGlobal
